
Microsoft Visual Studio Solution File, Format Version 12.00
# Visual Studio Version 16
VisualStudioVersion = 16.0.31515.178
MinimumVisualStudioVersion = 10.0.40219.1
Project("{FAE04EC0-301F-11D3-BF4B-00C04F79EFBC}") = "ProyectoFinalBotica", "ProyectoFinalBotica.csproj", "{A3642D67-0FC6-4F1D-BFF8-40B902F4AC11}"
EndProject
Global
	GlobalSection(SolutionConfigurationPlatforms) = preSolution
		Debug|Any CPU = Debug|Any CPU
		Release|Any CPU = Release|Any CPU
	EndGlobalSection
	GlobalSection(ProjectConfigurationPlatforms) = postSolution
		{A3642D67-0FC6-4F1D-BFF8-40B902F4AC11}.Debug|Any CPU.ActiveCfg = Debug|Any CPU
		{A3642D67-0FC6-4F1D-BFF8-40B902F4AC11}.Debug|Any CPU.Build.0 = Debug|Any CPU
		{A3642D67-0FC6-4F1D-BFF8-40B902F4AC11}.Release|Any CPU.ActiveCfg = Release|Any CPU
		{A3642D67-0FC6-4F1D-BFF8-40B902F4AC11}.Release|Any CPU.Build.0 = Release|Any CPU
	EndGlobalSection
	GlobalSection(SolutionProperties) = preSolution
		HideSolutionNode = FALSE
	EndGlobalSection
	GlobalSection(ExtensibilityGlobals) = postSolution
		SolutionGuid = {3283F077-1A8B-41CC-AC9D-5EA2E105D062}
	EndGlobalSection
EndGlobal
